
Microsoft Visual Studio Solution File, Format Version 12.00
# Visual Studio Version 16
VisualStudioVersion = 16.0.31005.135
MinimumVisualStudioVersion = 10.0.40219.1
Project("{FAE04EC0-301F-11D3-BF4B-00C04F79EFBC}") = "Task 7.1 sem2", "Task 7.1 sem2\Task 7.1 sem2.csproj", "{45235547-1ABB-4249-B4C0-6FE1D8B057FE}"
EndProject
Global
	GlobalSection(SolutionConfigurationPlatforms) = preSolution
		Debug|Any CPU = Debug|Any CPU
		Release|Any CPU = Release|Any CPU
	EndGlobalSection
	GlobalSection(ProjectConfigurationPlatforms) = postSolution
		{45235547-1ABB-4249-B4C0-6FE1D8B057FE}.Debug|Any CPU.ActiveCfg = Debug|Any CPU
		{45235547-1ABB-4249-B4C0-6FE1D8B057FE}.Debug|Any CPU.Build.0 = Debug|Any CPU
		{45235547-1ABB-4249-B4C0-6FE1D8B057FE}.Release|Any CPU.ActiveCfg = Release|Any CPU
		{45235547-1ABB-4249-B4C0-6FE1D8B057FE}.Release|Any CPU.Build.0 = Release|Any CPU
	EndGlobalSection
	GlobalSection(SolutionProperties) = preSolution
		HideSolutionNode = FALSE
	EndGlobalSection
	GlobalSection(ExtensibilityGlobals) = postSolution
		SolutionGuid = {EC793308-5F89-440A-8F06-B335257A6C1F}
	EndGlobalSection
EndGlobal
