
Microsoft Visual Studio Solution File, Format Version 12.00
# Visual Studio Version 16
VisualStudioVersion = 16.0.30320.27
MinimumVisualStudioVersion = 10.0.40219.1
Project("{FAE04EC0-301F-11D3-BF4B-00C04F79EFBC}") = "task 6.1 sem2", "task 6.1 sem2\task 6.1 sem2.csproj", "{3699F22F-41B8-4E87-A36B-1CEF18FBCA30}"
EndProject
Global
	GlobalSection(SolutionConfigurationPlatforms) = preSolution
		Debug|Any CPU = Debug|Any CPU
		Release|Any CPU = Release|Any CPU
	EndGlobalSection
	GlobalSection(ProjectConfigurationPlatforms) = postSolution
		{3699F22F-41B8-4E87-A36B-1CEF18FBCA30}.Debug|Any CPU.ActiveCfg = Debug|Any CPU
		{3699F22F-41B8-4E87-A36B-1CEF18FBCA30}.Debug|Any CPU.Build.0 = Debug|Any CPU
		{3699F22F-41B8-4E87-A36B-1CEF18FBCA30}.Release|Any CPU.ActiveCfg = Release|Any CPU
		{3699F22F-41B8-4E87-A36B-1CEF18FBCA30}.Release|Any CPU.Build.0 = Release|Any CPU
	EndGlobalSection
	GlobalSection(SolutionProperties) = preSolution
		HideSolutionNode = FALSE
	EndGlobalSection
	GlobalSection(ExtensibilityGlobals) = postSolution
		SolutionGuid = {35E6564C-3441-4723-AE27-4A183CCFA145}
	EndGlobalSection
EndGlobal
