
Microsoft Visual Studio Solution File, Format Version 12.00
# Visual Studio Version 16
VisualStudioVersion = 16.0.31005.135
MinimumVisualStudioVersion = 10.0.40219.1
Project("{FAE04EC0-301F-11D3-BF4B-00C04F79EFBC}") = "task 2.1 sem2", "task 2.1 sem2\task 2.1 sem2.csproj", "{5E126B24-0D9B-4894-A0E2-52895FF19991}"
EndProject
Global
	GlobalSection(SolutionConfigurationPlatforms) = preSolution
		Debug|Any CPU = Debug|Any CPU
		Release|Any CPU = Release|Any CPU
	EndGlobalSection
	GlobalSection(ProjectConfigurationPlatforms) = postSolution
		{5E126B24-0D9B-4894-A0E2-52895FF19991}.Debug|Any CPU.ActiveCfg = Debug|Any CPU
		{5E126B24-0D9B-4894-A0E2-52895FF19991}.Debug|Any CPU.Build.0 = Debug|Any CPU
		{5E126B24-0D9B-4894-A0E2-52895FF19991}.Release|Any CPU.ActiveCfg = Release|Any CPU
		{5E126B24-0D9B-4894-A0E2-52895FF19991}.Release|Any CPU.Build.0 = Release|Any CPU
	EndGlobalSection
	GlobalSection(SolutionProperties) = preSolution
		HideSolutionNode = FALSE
	EndGlobalSection
	GlobalSection(ExtensibilityGlobals) = postSolution
		SolutionGuid = {7ED8F972-D592-485B-AF3B-8F91370FD4D9}
	EndGlobalSection
EndGlobal
