
Microsoft Visual Studio Solution File, Format Version 12.00
# Visual Studio Version 16
VisualStudioVersion = 16.0.30320.27
MinimumVisualStudioVersion = 10.0.40219.1
Project("{9A19103F-16F7-4668-BE54-9A1E7A4F7556}") = "task 4.1", "task 4.1\task 4.1.csproj", "{5DA80F10-2D81-4548-A69B-731893DEE5B1}"
EndProject
Project("{FAE04EC0-301F-11D3-BF4B-00C04F79EFBC}") = "NUnitTestProject1", "NUnitTestProject1\NUnitTestProject1.csproj", "{C6FDFE8C-1FF6-415C-BBAA-111C91523126}"
EndProject
Project("{FAE04EC0-301F-11D3-BF4B-00C04F79EFBC}") = "Tests", "Tests\Tests.csproj", "{2DF69999-81C2-4815-80FC-1EB2800293A0}"
EndProject
Global
	GlobalSection(SolutionConfigurationPlatforms) = preSolution
		Debug|Any CPU = Debug|Any CPU
		Release|Any CPU = Release|Any CPU
	EndGlobalSection
	GlobalSection(ProjectConfigurationPlatforms) = postSolution
		{5DA80F10-2D81-4548-A69B-731893DEE5B1}.Debug|Any CPU.ActiveCfg = Debug|Any CPU
		{5DA80F10-2D81-4548-A69B-731893DEE5B1}.Debug|Any CPU.Build.0 = Debug|Any CPU
		{5DA80F10-2D81-4548-A69B-731893DEE5B1}.Release|Any CPU.ActiveCfg = Release|Any CPU
		{5DA80F10-2D81-4548-A69B-731893DEE5B1}.Release|Any CPU.Build.0 = Release|Any CPU
		{C6FDFE8C-1FF6-415C-BBAA-111C91523126}.Debug|Any CPU.ActiveCfg = Debug|Any CPU
		{C6FDFE8C-1FF6-415C-BBAA-111C91523126}.Debug|Any CPU.Build.0 = Debug|Any CPU
		{C6FDFE8C-1FF6-415C-BBAA-111C91523126}.Release|Any CPU.ActiveCfg = Release|Any CPU
		{C6FDFE8C-1FF6-415C-BBAA-111C91523126}.Release|Any CPU.Build.0 = Release|Any CPU
		{2DF69999-81C2-4815-80FC-1EB2800293A0}.Debug|Any CPU.ActiveCfg = Debug|Any CPU
		{2DF69999-81C2-4815-80FC-1EB2800293A0}.Debug|Any CPU.Build.0 = Debug|Any CPU
		{2DF69999-81C2-4815-80FC-1EB2800293A0}.Release|Any CPU.ActiveCfg = Release|Any CPU
		{2DF69999-81C2-4815-80FC-1EB2800293A0}.Release|Any CPU.Build.0 = Release|Any CPU
	EndGlobalSection
	GlobalSection(SolutionProperties) = preSolution
		HideSolutionNode = FALSE
	EndGlobalSection
	GlobalSection(ExtensibilityGlobals) = postSolution
		SolutionGuid = {4E5F4BE7-A5E3-499E-866F-B6FFB20E54B8}
	EndGlobalSection
EndGlobal
